
Microsoft Visual Studio Solution File, Format Version 12.00
# Visual Studio Version 16
VisualStudioVersion = 16.0.31515.178
MinimumVisualStudioVersion = 10.0.40219.1
Project("{FAE04EC0-301F-11D3-BF4B-00C04F79EFBC}") = "BlazorServerSide", "BlazorServerSide\BlazorServerSide.csproj", "{3ABE4E1E-6D86-47C8-B75D-4F16ACF948F6}"
EndProject
Global
	GlobalSection(SolutionConfigurationPlatforms) = preSolution
		Debug|Any CPU = Debug|Any CPU
		Release|Any CPU = Release|Any CPU
	EndGlobalSection
	GlobalSection(ProjectConfigurationPlatforms) = postSolution
		{3ABE4E1E-6D86-47C8-B75D-4F16ACF948F6}.Debug|Any CPU.ActiveCfg = Debug|Any CPU
		{3ABE4E1E-6D86-47C8-B75D-4F16ACF948F6}.Debug|Any CPU.Build.0 = Debug|Any CPU
		{3ABE4E1E-6D86-47C8-B75D-4F16ACF948F6}.Release|Any CPU.ActiveCfg = Release|Any CPU
		{3ABE4E1E-6D86-47C8-B75D-4F16ACF948F6}.Release|Any CPU.Build.0 = Release|Any CPU
	EndGlobalSection
	GlobalSection(SolutionProperties) = preSolution
		HideSolutionNode = FALSE
	EndGlobalSection
	GlobalSection(ExtensibilityGlobals) = postSolution
		SolutionGuid = {28C4E745-4AB4-4077-824E-9EF970A48A38}
	EndGlobalSection
EndGlobal
